
Microsoft Visual Studio Solution File, Format Version 12.00
# Visual Studio Version 16
VisualStudioVersion = 16.0.30804.86
MinimumVisualStudioVersion = 10.0.40219.1
Project("{FAE04EC0-301F-11D3-BF4B-00C04F79EFBC}") = "NesneAjansProjesi", "NesneAjansProjesi\NesneAjansProjesi.csproj", "{4418B01E-69B1-4416-9ADA-26A64B49DEBE}"
EndProject
Global
	GlobalSection(SolutionConfigurationPlatforms) = preSolution
		Debug|Any CPU = Debug|Any CPU
		Release|Any CPU = Release|Any CPU
	EndGlobalSection
	GlobalSection(ProjectConfigurationPlatforms) = postSolution
		{4418B01E-69B1-4416-9ADA-26A64B49DEBE}.Debug|Any CPU.ActiveCfg = Debug|Any CPU
		{4418B01E-69B1-4416-9ADA-26A64B49DEBE}.Debug|Any CPU.Build.0 = Debug|Any CPU
		{4418B01E-69B1-4416-9ADA-26A64B49DEBE}.Release|Any CPU.ActiveCfg = Release|Any CPU
		{4418B01E-69B1-4416-9ADA-26A64B49DEBE}.Release|Any CPU.Build.0 = Release|Any CPU
	EndGlobalSection
	GlobalSection(SolutionProperties) = preSolution
		HideSolutionNode = FALSE
	EndGlobalSection
	GlobalSection(ExtensibilityGlobals) = postSolution
		SolutionGuid = {C0041F14-E24B-4F5F-993A-3823510E64ED}
	EndGlobalSection
EndGlobal
